
Microsoft Visual Studio Solution File, Format Version 11.00
# Visual Studio 2010
Project("{FAE04EC0-301F-11D3-BF4B-00C04F79EFBC}") = "Project Starfighter", "Project Starfighter\Project Starfighter\Project Starfighter.csproj", "{4806C271-6D85-4C19-B188-68F19E182FDF}"
EndProject
Project("{FAE04EC0-301F-11D3-BF4B-00C04F79EFBC}") = "Project StarfighterContent", "Project Starfighter\Project StarfighterContent\Project StarfighterContent.contentproj", "{9383FD47-5B03-4D13-A195-13BD6EE906BC}"
EndProject
Project("{FAE04EC0-301F-11D3-BF4B-00C04F79EFBC}") = "Project Starfighter Test", "Project Starfighter Test\Project Starfighter Test.csproj", "{516C7629-2409-44C3-A2B1-4C174A65D73A}"
EndProject
Project("{2150E333-8FDC-42A3-9474-1A3956D46DE8}") = "Solution Items", "Solution Items", "{C591B527-7C61-44A7-94FD-D19FDA777791}"
	ProjectSection(SolutionItems) = preProject
		Local.testsettings = Local.testsettings
		Project Starfighter.vsmdi = Project Starfighter.vsmdi
		TraceAndTestImpact.testsettings = TraceAndTestImpact.testsettings
	EndProjectSection
EndProject
Global
	GlobalSection(TestCaseManagementSettings) = postSolution
		CategoryFile = Project Starfighter.vsmdi
	EndGlobalSection
	GlobalSection(SolutionConfigurationPlatforms) = preSolution
		Debug|Any CPU = Debug|Any CPU
		Debug|Mixed Platforms = Debug|Mixed Platforms
		Debug|x86 = Debug|x86
		Release|Any CPU = Release|Any CPU
		Release|Mixed Platforms = Release|Mixed Platforms
		Release|x86 = Release|x86
	EndGlobalSection
	GlobalSection(ProjectConfigurationPlatforms) = postSolution
		{4806C271-6D85-4C19-B188-68F19E182FDF}.Debug|Any CPU.ActiveCfg = Debug|x86
		{4806C271-6D85-4C19-B188-68F19E182FDF}.Debug|Mixed Platforms.ActiveCfg = Debug|x86
		{4806C271-6D85-4C19-B188-68F19E182FDF}.Debug|Mixed Platforms.Build.0 = Debug|x86
		{4806C271-6D85-4C19-B188-68F19E182FDF}.Debug|x86.ActiveCfg = Debug|x86
		{4806C271-6D85-4C19-B188-68F19E182FDF}.Debug|x86.Build.0 = Debug|x86
		{4806C271-6D85-4C19-B188-68F19E182FDF}.Release|Any CPU.ActiveCfg = Release|x86
		{4806C271-6D85-4C19-B188-68F19E182FDF}.Release|Mixed Platforms.ActiveCfg = Release|x86
		{4806C271-6D85-4C19-B188-68F19E182FDF}.Release|Mixed Platforms.Build.0 = Release|x86
		{4806C271-6D85-4C19-B188-68F19E182FDF}.Release|x86.ActiveCfg = Release|x86
		{4806C271-6D85-4C19-B188-68F19E182FDF}.Release|x86.Build.0 = Release|x86
		{9383FD47-5B03-4D13-A195-13BD6EE906BC}.Debug|Any CPU.ActiveCfg = Debug|x86
		{9383FD47-5B03-4D13-A195-13BD6EE906BC}.Debug|Mixed Platforms.ActiveCfg = Debug|x86
		{9383FD47-5B03-4D13-A195-13BD6EE906BC}.Debug|x86.ActiveCfg = Debug|x86
		{9383FD47-5B03-4D13-A195-13BD6EE906BC}.Release|Any CPU.ActiveCfg = Release|x86
		{9383FD47-5B03-4D13-A195-13BD6EE906BC}.Release|Mixed Platforms.ActiveCfg = Release|x86
		{9383FD47-5B03-4D13-A195-13BD6EE906BC}.Release|x86.ActiveCfg = Release|x86
		{516C7629-2409-44C3-A2B1-4C174A65D73A}.Debug|Any CPU.ActiveCfg = Debug|Any CPU
		{516C7629-2409-44C3-A2B1-4C174A65D73A}.Debug|Any CPU.Build.0 = Debug|Any CPU
		{516C7629-2409-44C3-A2B1-4C174A65D73A}.Debug|Mixed Platforms.ActiveCfg = Debug|Any CPU
		{516C7629-2409-44C3-A2B1-4C174A65D73A}.Debug|Mixed Platforms.Build.0 = Debug|Any CPU
		{516C7629-2409-44C3-A2B1-4C174A65D73A}.Debug|x86.ActiveCfg = Debug|Any CPU
		{516C7629-2409-44C3-A2B1-4C174A65D73A}.Release|Any CPU.ActiveCfg = Release|Any CPU
		{516C7629-2409-44C3-A2B1-4C174A65D73A}.Release|Any CPU.Build.0 = Release|Any CPU
		{516C7629-2409-44C3-A2B1-4C174A65D73A}.Release|Mixed Platforms.ActiveCfg = Release|Any CPU
		{516C7629-2409-44C3-A2B1-4C174A65D73A}.Release|Mixed Platforms.Build.0 = Release|Any CPU
		{516C7629-2409-44C3-A2B1-4C174A65D73A}.Release|x86.ActiveCfg = Release|Any CPU
	EndGlobalSection
	GlobalSection(SolutionProperties) = preSolution
		HideSolutionNode = FALSE
	EndGlobalSection
EndGlobal
