
Microsoft Visual Studio Solution File, Format Version 11.00
# Visual C# Express 2010
Project("{FAE04EC0-301F-11D3-BF4B-00C04F79EFBC}") = "Project Starfighter", "Project Starfighter\Project Starfighter\Project Starfighter.csproj", "{0A58290E-3ABA-479B-9F75-E64B470A55C2}"
EndProject
Project("{96E2B04D-8817-42C6-938A-82C39BA4D311}") = "Project StarfighterContent", "Project Starfighter\Project StarfighterContent\Project StarfighterContent.contentproj", "{0FAA60C8-0E02-47D2-B9F5-17C3D3B66708}"
EndProject
Global
	GlobalSection(SolutionConfigurationPlatforms) = preSolution
		Debug|x86 = Debug|x86
		Release|x86 = Release|x86
	EndGlobalSection
	GlobalSection(ProjectConfigurationPlatforms) = postSolution
		{0A58290E-3ABA-479B-9F75-E64B470A55C2}.Debug|x86.ActiveCfg = Debug|x86
		{0A58290E-3ABA-479B-9F75-E64B470A55C2}.Debug|x86.Build.0 = Debug|x86
		{0A58290E-3ABA-479B-9F75-E64B470A55C2}.Release|x86.ActiveCfg = Release|x86
		{0A58290E-3ABA-479B-9F75-E64B470A55C2}.Release|x86.Build.0 = Release|x86
		{0FAA60C8-0E02-47D2-B9F5-17C3D3B66708}.Debug|x86.ActiveCfg = Debug|x86
		{0FAA60C8-0E02-47D2-B9F5-17C3D3B66708}.Release|x86.ActiveCfg = Release|x86
	EndGlobalSection
	GlobalSection(SolutionProperties) = preSolution
		HideSolutionNode = FALSE
	EndGlobalSection
EndGlobal
